Microsoft Visual Studio Solution File, Format Version 12.00
# Visual Studio Version 17
VisualStudioVersion = 17.5.2.0
MinimumVisualStudioVersion = 10.0.40219.1
Project("{FAE04EC0-301F-11D3-BF4B-00C04F79EFBC}") = "SkillHub", "SkillHub.csproj", "{17EB07A0-E9EE-132D-E2AB-99526E7919FC}"
EndProject
Global
	GlobalSection(SolutionConfigurationPlatforms) = preSolution
		Debug|Any CPU = Debug|Any CPU
		Release|Any CPU = Release|Any CPU
	EndGlobalSection
	GlobalSection(ProjectConfigurationPlatforms) = postSolution
		{17EB07A0-E9EE-132D-E2AB-99526E7919FC}.Debug|Any CPU.ActiveCfg = Debug|Any CPU
		{17EB07A0-E9EE-132D-E2AB-99526E7919FC}.Debug|Any CPU.Build.0 = Debug|Any CPU
		{17EB07A0-E9EE-132D-E2AB-99526E7919FC}.Release|Any CPU.ActiveCfg = Release|Any CPU
		{17EB07A0-E9EE-132D-E2AB-99526E7919FC}.Release|Any CPU.Build.0 = Release|Any CPU
	EndGlobalSection
	GlobalSection(SolutionProperties) = preSolution
		HideSolutionNode = FALSE
	EndGlobalSection
	GlobalSection(ExtensibilityGlobals) = postSolution
		SolutionGuid = {4438E182-C8BD-406F-83A0-71D2AA9B8FD8}
	EndGlobalSection
EndGlobal
